
Microsoft Visual Studio Solution File, Format Version 12.00
# Visual Studio Version 17
VisualStudioVersion = 17.5.33502.453
MinimumVisualStudioVersion = 10.0.40219.1
Project("{FAE04EC0-301F-11D3-BF4B-00C04F79EFBC}") = "PrincipiosSolid", "PrincipiosSolid.csproj", "{0FA88DF5-BBF2-4C4F-B2DA-E76984F409E6}"
EndProject
Global
	GlobalSection(SolutionConfigurationPlatforms) = preSolution
		Debug|Any CPU = Debug|Any CPU
		Release|Any CPU = Release|Any CPU
	EndGlobalSection
	GlobalSection(ProjectConfigurationPlatforms) = postSolution
		{0FA88DF5-BBF2-4C4F-B2DA-E76984F409E6}.Debug|Any CPU.ActiveCfg = Debug|Any CPU
		{0FA88DF5-BBF2-4C4F-B2DA-E76984F409E6}.Debug|Any CPU.Build.0 = Debug|Any CPU
		{0FA88DF5-BBF2-4C4F-B2DA-E76984F409E6}.Release|Any CPU.ActiveCfg = Release|Any CPU
		{0FA88DF5-BBF2-4C4F-B2DA-E76984F409E6}.Release|Any CPU.Build.0 = Release|Any CPU
	EndGlobalSection
	GlobalSection(SolutionProperties) = preSolution
		HideSolutionNode = FALSE
	EndGlobalSection
	GlobalSection(ExtensibilityGlobals) = postSolution
		SolutionGuid = {4E65D025-669F-4817-8015-083049C30028}
	EndGlobalSection
EndGlobal
